
Microsoft Visual Studio Solution File, Format Version 12.00
# Visual Studio Version 17
VisualStudioVersion = 17.4.33205.214
MinimumVisualStudioVersion = 10.0.40219.1
Project("{FAE04EC0-301F-11D3-BF4B-00C04F79EFBC}") = "Algorithms", "Algorithms.csproj", "{0AE1311C-810E-456F-BEED-5BB5653C76D8}"
EndProject
Global
	GlobalSection(SolutionConfigurationPlatforms) = preSolution
		Debug|Any CPU = Debug|Any CPU
		Release|Any CPU = Release|Any CPU
	EndGlobalSection
	GlobalSection(ProjectConfigurationPlatforms) = postSolution
		{0AE1311C-810E-456F-BEED-5BB5653C76D8}.Debug|Any CPU.ActiveCfg = Debug|Any CPU
		{0AE1311C-810E-456F-BEED-5BB5653C76D8}.Debug|Any CPU.Build.0 = Debug|Any CPU
		{0AE1311C-810E-456F-BEED-5BB5653C76D8}.Release|Any CPU.ActiveCfg = Release|Any CPU
		{0AE1311C-810E-456F-BEED-5BB5653C76D8}.Release|Any CPU.Build.0 = Release|Any CPU
	EndGlobalSection
	GlobalSection(SolutionProperties) = preSolution
		HideSolutionNode = FALSE
	EndGlobalSection
	GlobalSection(ExtensibilityGlobals) = postSolution
		SolutionGuid = {EFF64CC7-BCED-4577-9898-35FDE313C64D}
	EndGlobalSection
EndGlobal
